
Microsoft Visual Studio Solution File, Format Version 12.00
# Visual Studio Version 17
VisualStudioVersion = 17.13.35913.81 d17.13
MinimumVisualStudioVersion = 10.0.40219.1
Project("{FAE04EC0-301F-11D3-BF4B-00C04F79EFBC}") = "APIPlanoDeReficoes", "APIPlanoDeReficoes\APIPlanoDeReficoes.csproj", "{4109BF5F-9D68-4DD8-A169-DD4757806700}"
EndProject
Global
	GlobalSection(SolutionConfigurationPlatforms) = preSolution
		Debug|Any CPU = Debug|Any CPU
		Release|Any CPU = Release|Any CPU
	EndGlobalSection
	GlobalSection(ProjectConfigurationPlatforms) = postSolution
		{4109BF5F-9D68-4DD8-A169-DD4757806700}.Debug|Any CPU.ActiveCfg = Debug|Any CPU
		{4109BF5F-9D68-4DD8-A169-DD4757806700}.Debug|Any CPU.Build.0 = Debug|Any CPU
		{4109BF5F-9D68-4DD8-A169-DD4757806700}.Release|Any CPU.ActiveCfg = Release|Any CPU
		{4109BF5F-9D68-4DD8-A169-DD4757806700}.Release|Any CPU.Build.0 = Release|Any CPU
	EndGlobalSection
	GlobalSection(SolutionProperties) = preSolution
		HideSolutionNode = FALSE
	EndGlobalSection
	GlobalSection(ExtensibilityGlobals) = postSolution
		SolutionGuid = {A1B22B89-A62F-4F56-A599-9B5FE7F05465}
	EndGlobalSection
EndGlobal
